
Microsoft Visual Studio Solution File, Format Version 12.00
# Visual Studio Version 17
VisualStudioVersion = 17.8.34330.188
MinimumVisualStudioVersion = 10.0.40219.1
Project("{8BC9CEB8-8B4A-11D0-8D11-00A0C91BC942}") = "Pointers", "Pointers\Pointers.vcxproj", "{363AD592-DC65-4725-853C-9B7743FB825B}"
EndProject
Project("{8BC9CEB8-8B4A-11D0-8D11-00A0C91BC942}") = "TransferParameters", "TransferParameters\TransferParameters.vcxproj", "{2FD2EB19-9D9E-4A74-A664-AE79697603A6}"
EndProject
Project("{8BC9CEB8-8B4A-11D0-8D11-00A0C91BC942}") = "References", "References\References.vcxproj", "{1A8083E1-FCBD-4115-AED4-1DBF362FCFC7}"
EndProject
Global
	GlobalSection(SolutionConfigurationPlatforms) = preSolution
		Debug|x64 = Debug|x64
		Debug|x86 = Debug|x86
		Release|x64 = Release|x64
		Release|x86 = Release|x86
	EndGlobalSection
	GlobalSection(ProjectConfigurationPlatforms) = postSolution
		{363AD592-DC65-4725-853C-9B7743FB825B}.Debug|x64.ActiveCfg = Debug|x64
		{363AD592-DC65-4725-853C-9B7743FB825B}.Debug|x64.Build.0 = Debug|x64
		{363AD592-DC65-4725-853C-9B7743FB825B}.Debug|x86.ActiveCfg = Debug|Win32
		{363AD592-DC65-4725-853C-9B7743FB825B}.Debug|x86.Build.0 = Debug|Win32
		{363AD592-DC65-4725-853C-9B7743FB825B}.Release|x64.ActiveCfg = Release|x64
		{363AD592-DC65-4725-853C-9B7743FB825B}.Release|x64.Build.0 = Release|x64
		{363AD592-DC65-4725-853C-9B7743FB825B}.Release|x86.ActiveCfg = Release|Win32
		{363AD592-DC65-4725-853C-9B7743FB825B}.Release|x86.Build.0 = Release|Win32
		{2FD2EB19-9D9E-4A74-A664-AE79697603A6}.Debug|x64.ActiveCfg = Debug|x64
		{2FD2EB19-9D9E-4A74-A664-AE79697603A6}.Debug|x64.Build.0 = Debug|x64
		{2FD2EB19-9D9E-4A74-A664-AE79697603A6}.Debug|x86.ActiveCfg = Debug|Win32
		{2FD2EB19-9D9E-4A74-A664-AE79697603A6}.Debug|x86.Build.0 = Debug|Win32
		{2FD2EB19-9D9E-4A74-A664-AE79697603A6}.Release|x64.ActiveCfg = Release|x64
		{2FD2EB19-9D9E-4A74-A664-AE79697603A6}.Release|x64.Build.0 = Release|x64
		{2FD2EB19-9D9E-4A74-A664-AE79697603A6}.Release|x86.ActiveCfg = Release|Win32
		{2FD2EB19-9D9E-4A74-A664-AE79697603A6}.Release|x86.Build.0 = Release|Win32
		{1A8083E1-FCBD-4115-AED4-1DBF362FCFC7}.Debug|x64.ActiveCfg = Debug|x64
		{1A8083E1-FCBD-4115-AED4-1DBF362FCFC7}.Debug|x64.Build.0 = Debug|x64
		{1A8083E1-FCBD-4115-AED4-1DBF362FCFC7}.Debug|x86.ActiveCfg = Debug|Win32
		{1A8083E1-FCBD-4115-AED4-1DBF362FCFC7}.Debug|x86.Build.0 = Debug|Win32
		{1A8083E1-FCBD-4115-AED4-1DBF362FCFC7}.Release|x64.ActiveCfg = Release|x64
		{1A8083E1-FCBD-4115-AED4-1DBF362FCFC7}.Release|x64.Build.0 = Release|x64
		{1A8083E1-FCBD-4115-AED4-1DBF362FCFC7}.Release|x86.ActiveCfg = Release|Win32
		{1A8083E1-FCBD-4115-AED4-1DBF362FCFC7}.Release|x86.Build.0 = Release|Win32
	EndGlobalSection
	GlobalSection(SolutionProperties) = preSolution
		HideSolutionNode = FALSE
	EndGlobalSection
	GlobalSection(ExtensibilityGlobals) = postSolution
		SolutionGuid = {3BF7FFF0-9C60-4702-9F9B-1E78F91C1171}
	EndGlobalSection
EndGlobal
